
Microsoft Visual Studio Solution File, Format Version 12.00
# Visual Studio Version 16
VisualStudioVersion = 16.0.31424.327
MinimumVisualStudioVersion = 10.0.40219.1
Project("{FAE04EC0-301F-11D3-BF4B-00C04F79EFBC}") = "HashTable", "HashTable\HashTable.csproj", "{E151DAEF-7783-439B-8600-A884961195BE}"
EndProject
Global
	GlobalSection(SolutionConfigurationPlatforms) = preSolution
		Debug|Any CPU = Debug|Any CPU
		Release|Any CPU = Release|Any CPU
	EndGlobalSection
	GlobalSection(ProjectConfigurationPlatforms) = postSolution
		{E151DAEF-7783-439B-8600-A884961195BE}.Debug|Any CPU.ActiveCfg = Debug|Any CPU
		{E151DAEF-7783-439B-8600-A884961195BE}.Debug|Any CPU.Build.0 = Debug|Any CPU
		{E151DAEF-7783-439B-8600-A884961195BE}.Release|Any CPU.ActiveCfg = Release|Any CPU
		{E151DAEF-7783-439B-8600-A884961195BE}.Release|Any CPU.Build.0 = Release|Any CPU
	EndGlobalSection
	GlobalSection(SolutionProperties) = preSolution
		HideSolutionNode = FALSE
	EndGlobalSection
	GlobalSection(ExtensibilityGlobals) = postSolution
		SolutionGuid = {E4A78E1A-32FE-4EC7-A9D1-4A653FA0CD97}
	EndGlobalSection
EndGlobal
